// !$*UTF8*$!
{
	archiveVersion = 1;
	classes = {
	};
	objectVersion = 48;
	objects = {

/* Begin PBXBuildFile section */
		8451D453149A0B38E3CE81B9 /* Pods_GitBucket.framework in Frameworks */ = {isa = PBXBuildFile; fileRef = 87D257B542E3CBED6B516E07 /* Pods_GitBucket.framework */; };
		B21ADB4E201C355D006F3334 /* UIColor+Extension.swift in Sources */ = {isa = PBXBuildFile; fileRef = B21ADB4D201C355D006F3334 /* UIColor+Extension.swift */; };
		B26E84412025938E00B73B66 /* NSURL+Extensions.swift in Sources */ = {isa = PBXBuildFile; fileRef = B26E84402025938E00B73B66 /* NSURL+Extensions.swift */; };
		B26E84432025DCA200B73B66 /* SGToast.swift in Sources */ = {isa = PBXBuildFile; fileRef = B26E84422025DCA200B73B66 /* SGToast.swift */; };
		C6455A4E201B5AA4005110C3 /* SGRootTabBarViewController.swift in Sources */ = {isa = PBXBuildFile; fileRef = C6455A4D201B5AA4005110C3 /* SGRootTabBarViewController.swift */; };
		C646DE19201F13FB001F2E01 /* CALayer+WXBorderUIColor.swift in Sources */ = {isa = PBXBuildFile; fileRef = C646DE18201F13FB001F2E01 /* CALayer+WXBorderUIColor.swift */; };
		C646DE1D201F1694001F2E01 /* UIView+WXHelper.swift in Sources */ = {isa = PBXBuildFile; fileRef = C646DE1C201F1694001F2E01 /* UIView+WXHelper.swift */; };
		C646DE1F201F26DE001F2E01 /* UIView+WXAutoResizingMaskLayout.swift in Sources */ = {isa = PBXBuildFile; fileRef = C646DE1E201F26DE001F2E01 /* UIView+WXAutoResizingMaskLayout.swift */; };
		C646DE27201F3A56001F2E01 /* SGLoginViewController.swift in Sources */ = {isa = PBXBuildFile; fileRef = C646DE25201F3A56001F2E01 /* SGLoginViewController.swift */; };
		C646DE28201F3A56001F2E01 /* SGLoginViewController.xib in Resources */ = {isa = PBXBuildFile; fileRef = C646DE26201F3A56001F2E01 /* SGLoginViewController.xib */; };
		C646DE37201F3B98001F2E01 /* SGWebViewController.swift in Sources */ = {isa = PBXBuildFile; fileRef = C646DE35201F3B98001F2E01 /* SGWebViewController.swift */; };
		C646DE3A201F3BE2001F2E01 /* SGOAuthViewController.swift in Sources */ = {isa = PBXBuildFile; fileRef = C646DE39201F3BE2001F2E01 /* SGOAuthViewController.swift */; };
		C646DE3D201F3D6C001F2E01 /* AppData.swift in Sources */ = {isa = PBXBuildFile; fileRef = C646DE3C201F3D6C001F2E01 /* AppData.swift */; };
		C646DE4220200AA0001F2E01 /* SGBaseViewController.swift in Sources */ = {isa = PBXBuildFile; fileRef = C646DE4120200AA0001F2E01 /* SGBaseViewController.swift */; };
		C646DE4720201353001F2E01 /* SGAppColors.swift in Sources */ = {isa = PBXBuildFile; fileRef = C646DE4620201353001F2E01 /* SGAppColors.swift */; };
		C646DE4E20202294001F2E01 /* SGButton.swift in Sources */ = {isa = PBXBuildFile; fileRef = C646DE4D20202294001F2E01 /* SGButton.swift */; };
		C646DE502020253E001F2E01 /* UIImage+Extensions.swift in Sources */ = {isa = PBXBuildFile; fileRef = C646DE4F2020253E001F2E01 /* UIImage+Extensions.swift */; };
		C646DEB82021D602001F2E01 /* SGGithubOAuth.swift in Sources */ = {isa = PBXBuildFile; fileRef = C646DEB72021D602001F2E01 /* SGGithubOAuth.swift */; };
		C646DED42022DFA4001F2E01 /* SGGithubClient.swift in Sources */ = {isa = PBXBuildFile; fileRef = C646DED32022DFA4001F2E01 /* SGGithubClient.swift */; };
		C646DED82023085F001F2E01 /* OAuthRouter.swift in Sources */ = {isa = PBXBuildFile; fileRef = C646DED72023085F001F2E01 /* OAuthRouter.swift */; };
		C69512A02012052A00D1DAB9 /* Main.storyboard in Resources */ = {isa = PBXBuildFile; fileRef = C695129E2012052A00D1DAB9 /* Main.storyboard */; };
		C69512A22012052A00D1DAB9 /* Assets.xcassets in Resources */ = {isa = PBXBuildFile; fileRef = C69512A12012052A00D1DAB9 /* Assets.xcassets */; };
		C69512A52012052A00D1DAB9 /* LaunchScreen.storyboard in Resources */ = {isa = PBXBuildFile; fileRef = C69512A32012052A00D1DAB9 /* LaunchScreen.storyboard */; };
		C6B9A15720174AB700AD009D /* AppDelegate.swift in Sources */ = {isa = PBXBuildFile; fileRef = C6B9A15620174AB700AD009D /* AppDelegate.swift */; };
		C6B9A1592017528000AD009D /* WXMiddleButtonTabBar.swift in Sources */ = {isa = PBXBuildFile; fileRef = C6B9A1582017528000AD009D /* WXMiddleButtonTabBar.swift */; };
		C6B9A15B201752BF00AD009D /* WXMiddleButtonTabBarController.swift in Sources */ = {isa = PBXBuildFile; fileRef = C6B9A15A201752BF00AD009D /* WXMiddleButtonTabBarController.swift */; };
		C6B9A15D2017530C00AD009D /* WXNavigationController.swift in Sources */ = {isa = PBXBuildFile; fileRef = C6B9A15C2017530C00AD009D /* WXNavigationController.swift */; };
/* End PBXBuildFile section */

/* Begin PBXFileReference section */
		7CC118CFC5690ABC5F31A33D /* Pods-GitBucket.release.xcconfig */ = {isa = PBXFileReference; includeInIndex = 1; lastKnownFileType = text.xcconfig; name = "Pods-GitBucket.release.xcconfig"; path = "Pods/Target Support Files/Pods-GitBucket/Pods-GitBucket.release.xcconfig"; sourceTree = "<group>"; };
		87D257B542E3CBED6B516E07 /* Pods_GitBucket.framework */ = {isa = PBXFileReference; explicitFileType = wrapper.framework; includeInIndex = 0; path = Pods_GitBucket.framework; sourceTree = BUILT_PRODUCTS_DIR; };
		B21ADB4D201C355D006F3334 /* UIColor+Extension.swift */ = {isa = PBXFileReference; lastKnownFileType = sourcecode.swift; path = "UIColor+Extension.swift"; sourceTree = "<group>"; };
		B26E84402025938E00B73B66 /* NSURL+Extensions.swift */ = {isa = PBXFileReference; lastKnownFileType = sourcecode.swift; path = "NSURL+Extensions.swift"; sourceTree = "<group>"; };
		B26E84422025DCA200B73B66 /* SGToast.swift */ = {isa = PBXFileReference; lastKnownFileType = sourcecode.swift; path = SGToast.swift; sourceTree = "<group>"; };
		C6455A4D201B5AA4005110C3 /* SGRootTabBarViewController.swift */ = {isa = PBXFileReference; lastKnownFileType = sourcecode.swift; path = SGRootTabBarViewController.swift; sourceTree = "<group>"; };
		C646DE18201F13FB001F2E01 /* CALayer+WXBorderUIColor.swift */ = {isa = PBXFileReference; lastKnownFileType = sourcecode.swift; path = "CALayer+WXBorderUIColor.swift"; sourceTree = "<group>"; };
		C646DE1C201F1694001F2E01 /* UIView+WXHelper.swift */ = {isa = PBXFileReference; lastKnownFileType = sourcecode.swift; path = "UIView+WXHelper.swift"; sourceTree = "<group>"; };
		C646DE1E201F26DE001F2E01 /* UIView+WXAutoResizingMaskLayout.swift */ = {isa = PBXFileReference; lastKnownFileType = sourcecode.swift; path = "UIView+WXAutoResizingMaskLayout.swift"; sourceTree = "<group>"; };
		C646DE25201F3A56001F2E01 /* SGLoginViewController.swift */ = {isa = PBXFileReference; lastKnownFileType = sourcecode.swift; path = SGLoginViewController.swift; sourceTree = "<group>"; };
		C646DE26201F3A56001F2E01 /* SGLoginViewController.xib */ = {isa = PBXFileReference; lastKnownFileType = file.xib; path = SGLoginViewController.xib; sourceTree = "<group>"; };
		C646DE35201F3B98001F2E01 /* SGWebViewController.swift */ = {isa = PBXFileReference; lastKnownFileType = sourcecode.swift; path = SGWebViewController.swift; sourceTree = "<group>"; };
		C646DE39201F3BE2001F2E01 /* SGOAuthViewController.swift */ = {isa = PBXFileReference; lastKnownFileType = sourcecode.swift; path = SGOAuthViewController.swift; sourceTree = "<group>"; };
		C646DE3C201F3D6C001F2E01 /* AppData.swift */ = {isa = PBXFileReference; lastKnownFileType = sourcecode.swift; path = AppData.swift; sourceTree = "<group>"; };
		C646DE4120200AA0001F2E01 /* SGBaseViewController.swift */ = {isa = PBXFileReference; lastKnownFileType = sourcecode.swift; path = SGBaseViewController.swift; sourceTree = "<group>"; };
		C646DE4620201353001F2E01 /* SGAppColors.swift */ = {isa = PBXFileReference; fileEncoding = 4; lastKnownFileType = sourcecode.swift; path = SGAppColors.swift; sourceTree = "<group>"; };
		C646DE4D20202294001F2E01 /* SGButton.swift */ = {isa = PBXFileReference; lastKnownFileType = sourcecode.swift; path = SGButton.swift; sourceTree = "<group>"; };
		C646DE4F2020253E001F2E01 /* UIImage+Extensions.swift */ = {isa = PBXFileReference; lastKnownFileType = sourcecode.swift; path = "UIImage+Extensions.swift"; sourceTree = "<group>"; };
		C646DEB72021D602001F2E01 /* SGGithubOAuth.swift */ = {isa = PBXFileReference; lastKnownFileType = sourcecode.swift; path = SGGithubOAuth.swift; sourceTree = "<group>"; };
		C646DED32022DFA4001F2E01 /* SGGithubClient.swift */ = {isa = PBXFileReference; lastKnownFileType = sourcecode.swift; path = SGGithubClient.swift; sourceTree = "<group>"; };
		C646DED72023085F001F2E01 /* OAuthRouter.swift */ = {isa = PBXFileReference; lastKnownFileType = sourcecode.swift; path = OAuthRouter.swift; sourceTree = "<group>"; };
		C69512972012052A00D1DAB9 /* GitBucket.app */ = {isa = PBXFileReference; explicitFileType = wrapper.application; includeInIndex = 0; path = GitBucket.app; sourceTree = BUILT_PRODUCTS_DIR; };
		C695129F2012052A00D1DAB9 /* Base */ = {isa = PBXFileReference; lastKnownFileType = file.storyboard; name = Base; path = Base.lproj/Main.storyboard; sourceTree = "<group>"; };
		C69512A12012052A00D1DAB9 /* Assets.xcassets */ = {isa = PBXFileReference; lastKnownFileType = folder.assetcatalog; path = Assets.xcassets; sourceTree = "<group>"; };
		C69512A42012052A00D1DAB9 /* Base */ = {isa = PBXFileReference; lastKnownFileType = file.storyboard; name = Base; path = Base.lproj/LaunchScreen.storyboard; sourceTree = "<group>"; };
		C69512A62012052A00D1DAB9 /* Info.plist */ = {isa = PBXFileReference; lastKnownFileType = text.plist.xml; path = Info.plist; sourceTree = "<group>"; };
		C6B9A15620174AB700AD009D /* AppDelegate.swift */ = {isa = PBXFileReference; fileEncoding = 4; lastKnownFileType = sourcecode.swift; path = AppDelegate.swift; sourceTree = "<group>"; };
		C6B9A1582017528000AD009D /* WXMiddleButtonTabBar.swift */ = {isa = PBXFileReference; lastKnownFileType = sourcecode.swift; path = WXMiddleButtonTabBar.swift; sourceTree = "<group>"; };
		C6B9A15A201752BF00AD009D /* WXMiddleButtonTabBarController.swift */ = {isa = PBXFileReference; lastKnownFileType = sourcecode.swift; path = WXMiddleButtonTabBarController.swift; sourceTree = "<group>"; };
		C6B9A15C2017530C00AD009D /* WXNavigationController.swift */ = {isa = PBXFileReference; lastKnownFileType = sourcecode.swift; path = WXNavigationController.swift; sourceTree = "<group>"; };
		E2BA7757F669A751521E7483 /* Pods-GitBucket.debug.xcconfig */ = {isa = PBXFileReference; includeInIndex = 1; lastKnownFileType = text.xcconfig; name = "Pods-GitBucket.debug.xcconfig"; path = "Pods/Target Support Files/Pods-GitBucket/Pods-GitBucket.debug.xcconfig"; sourceTree = "<group>"; };
/* End PBXFileReference section */

/* Begin PBXFrameworksBuildPhase section */
		C69512942012052A00D1DAB9 /* Frameworks */ = {
			isa = PBXFrameworksBuildPhase;
			buildActionMask = 2147483647;
			files = (
				8451D453149A0B38E3CE81B9 /* Pods_GitBucket.framework in Frameworks */,
			);
			runOnlyForDeploymentPostprocessing = 0;
		};
/* End PBXFrameworksBuildPhase section */

/* Begin PBXGroup section */
		04064D49A4DFFB9260CFECEA /* Pods */ = {
			isa = PBXGroup;
			children = (
				E2BA7757F669A751521E7483 /* Pods-GitBucket.debug.xcconfig */,
				7CC118CFC5690ABC5F31A33D /* Pods-GitBucket.release.xcconfig */,
			);
			name = Pods;
			sourceTree = "<group>";
		};
		A326844AF4C344C1BA252616 /* Frameworks */ = {
			isa = PBXGroup;
			children = (
				87D257B542E3CBED6B516E07 /* Pods_GitBucket.framework */,
			);
			name = Frameworks;
			sourceTree = "<group>";
		};
		B21ADB4C201C3543006F3334 /* Extensions */ = {
			isa = PBXGroup;
			children = (
				B21ADB4D201C355D006F3334 /* UIColor+Extension.swift */,
				C646DE4F2020253E001F2E01 /* UIImage+Extensions.swift */,
				C646DE18201F13FB001F2E01 /* CALayer+WXBorderUIColor.swift */,
				C646DE1C201F1694001F2E01 /* UIView+WXHelper.swift */,
				C646DE1E201F26DE001F2E01 /* UIView+WXAutoResizingMaskLayout.swift */,
				B26E84402025938E00B73B66 /* NSURL+Extensions.swift */,
			);
			path = Extensions;
			sourceTree = "<group>";
		};
		C646DE20201F3A01001F2E01 /* Login */ = {
			isa = PBXGroup;
			children = (
				C646DE25201F3A56001F2E01 /* SGLoginViewController.swift */,
				C646DE26201F3A56001F2E01 /* SGLoginViewController.xib */,
				C646DE39201F3BE2001F2E01 /* SGOAuthViewController.swift */,
			);
			path = Login;
			sourceTree = "<group>";
		};
		C646DE34201F3B5B001F2E01 /* ViewControllers */ = {
			isa = PBXGroup;
			children = (
				C646DE35201F3B98001F2E01 /* SGWebViewController.swift */,
				C646DE4120200AA0001F2E01 /* SGBaseViewController.swift */,
			);
			path = ViewControllers;
			sourceTree = "<group>";
		};
		C646DE3B201F3D4F001F2E01 /* AppData */ = {
			isa = PBXGroup;
			children = (
				C646DE3C201F3D6C001F2E01 /* AppData.swift */,
			);
			path = AppData;
			sourceTree = "<group>";
		};
		C646DE3E2020035F001F2E01 /* API */ = {
			isa = PBXGroup;
			children = (
				C646DED52022FD71001F2E01 /* Routers */,
				C646DEB72021D602001F2E01 /* SGGithubOAuth.swift */,
				C646DED32022DFA4001F2E01 /* SGGithubClient.swift */,
			);
			path = API;
			sourceTree = "<group>";
		};
		C646DE4520201353001F2E01 /* Constants */ = {
			isa = PBXGroup;
			children = (
				C646DE4620201353001F2E01 /* SGAppColors.swift */,
			);
			path = Constants;
			sourceTree = "<group>";
		};
		C646DE4C2020227E001F2E01 /* AppUI */ = {
			isa = PBXGroup;
			children = (
				C646DE4D20202294001F2E01 /* SGButton.swift */,
				B26E84422025DCA200B73B66 /* SGToast.swift */,
			);
			path = AppUI;
			sourceTree = "<group>";
		};
		C646DED52022FD71001F2E01 /* Routers */ = {
			isa = PBXGroup;
			children = (
				C646DED620230840001F2E01 /* OAuth */,
			);
			path = Routers;
			sourceTree = "<group>";
		};
		C646DED620230840001F2E01 /* OAuth */ = {
			isa = PBXGroup;
			children = (
				C646DED72023085F001F2E01 /* OAuthRouter.swift */,
			);
			path = OAuth;
			sourceTree = "<group>";
		};
		C695128E2012052A00D1DAB9 = {
			isa = PBXGroup;
			children = (
				C69512992012052A00D1DAB9 /* GitBucket */,
				C69512982012052A00D1DAB9 /* Products */,
				04064D49A4DFFB9260CFECEA /* Pods */,
				A326844AF4C344C1BA252616 /* Frameworks */,
			);
			sourceTree = "<group>";
		};
		C69512982012052A00D1DAB9 /* Products */ = {
			isa = PBXGroup;
			children = (
				C69512972012052A00D1DAB9 /* GitBucket.app */,
			);
			name = Products;
			sourceTree = "<group>";
		};
		C69512992012052A00D1DAB9 /* GitBucket */ = {
			isa = PBXGroup;
			children = (
				C6B9A15320174AB700AD009D /* App */,
				C6B9A15120174A2800AD009D /* Foundation */,
				C695129E2012052A00D1DAB9 /* Main.storyboard */,
				C69512A12012052A00D1DAB9 /* Assets.xcassets */,
				C69512A32012052A00D1DAB9 /* LaunchScreen.storyboard */,
				C69512A62012052A00D1DAB9 /* Info.plist */,
			);
			path = GitBucket;
			sourceTree = "<group>";
		};
		C6B9A15120174A2800AD009D /* Foundation */ = {
			isa = PBXGroup;
			children = (
				B21ADB4C201C3543006F3334 /* Extensions */,
				C6B9A15220174A2800AD009D /* CustomUI */,
			);
			path = Foundation;
			sourceTree = "<group>";
		};
		C6B9A15220174A2800AD009D /* CustomUI */ = {
			isa = PBXGroup;
			children = (
				C6B9A1582017528000AD009D /* WXMiddleButtonTabBar.swift */,
				C6B9A15A201752BF00AD009D /* WXMiddleButtonTabBarController.swift */,
				C6B9A15C2017530C00AD009D /* WXNavigationController.swift */,
			);
			path = CustomUI;
			sourceTree = "<group>";
		};
		C6B9A15320174AB700AD009D /* App */ = {
			isa = PBXGroup;
			children = (
				C646DE20201F3A01001F2E01 /* Login */,
				C6B9A15420174AB700AD009D /* SGFoundation */,
				C6B9A15520174AB700AD009D /* Root */,
			);
			path = App;
			sourceTree = "<group>";
		};
		C6B9A15420174AB700AD009D /* SGFoundation */ = {
			isa = PBXGroup;
			children = (
				C646DE4C2020227E001F2E01 /* AppUI */,
				C646DE4520201353001F2E01 /* Constants */,
				C646DE3E2020035F001F2E01 /* API */,
				C646DE3B201F3D4F001F2E01 /* AppData */,
				C646DE34201F3B5B001F2E01 /* ViewControllers */,
			);
			path = SGFoundation;
			sourceTree = "<group>";
		};
		C6B9A15520174AB700AD009D /* Root */ = {
			isa = PBXGroup;
			children = (
				C6B9A15620174AB700AD009D /* AppDelegate.swift */,
				C6455A4D201B5AA4005110C3 /* SGRootTabBarViewController.swift */,
			);
			path = Root;
			sourceTree = "<group>";
		};
/* End PBXGroup section */

/* Begin PBXNativeTarget section */
		C69512962012052A00D1DAB9 /* GitBucket */ = {
			isa = PBXNativeTarget;
			buildConfigurationList = C69512A92012052A00D1DAB9 /* Build configuration list for PBXNativeTarget "GitBucket" */;
			buildPhases = (
				089F5431B0EF2EDB111BF045 /* [CP] Check Pods Manifest.lock */,
				C69512932012052A00D1DAB9 /* Sources */,
				C69512942012052A00D1DAB9 /* Frameworks */,
				C69512952012052A00D1DAB9 /* Resources */,
				8F1BE701E410BA1C4EA4FA99 /* [CP] Embed Pods Frameworks */,
				F3A476E2137C5AA13EAFD7D3 /* [CP] Copy Pods Resources */,
			);
			buildRules = (
			);
			dependencies = (
			);
			name = GitBucket;
			productName = GitBucket;
			productReference = C69512972012052A00D1DAB9 /* GitBucket.app */;
			productType = "com.apple.product-type.application";
		};
/* End PBXNativeTarget section */

/* Begin PBXProject section */
		C695128F2012052A00D1DAB9 /* Project object */ = {
			isa = PBXProject;
			attributes = {
				LastSwiftUpdateCheck = 0910;
				LastUpgradeCheck = 0910;
				ORGANIZATIONNAME = CleanAirGames;
				TargetAttributes = {
					C69512962012052A00D1DAB9 = {
						CreatedOnToolsVersion = 9.1;
						ProvisioningStyle = Automatic;
					};
				};
			};
			buildConfigurationList = C69512922012052A00D1DAB9 /* Build configuration list for PBXProject "GitBucket" */;
			compatibilityVersion = "Xcode 8.0";
			developmentRegion = en;
			hasScannedForEncodings = 0;
			knownRegions = (
				en,
				Base,
			);
			mainGroup = C695128E2012052A00D1DAB9;
			productRefGroup = C69512982012052A00D1DAB9 /* Products */;
			projectDirPath = "";
			projectRoot = "";
			targets = (
				C69512962012052A00D1DAB9 /* GitBucket */,
			);
		};
/* End PBXProject section */

/* Begin PBXResourcesBuildPhase section */
		C69512952012052A00D1DAB9 /* Resources */ = {
			isa = PBXResourcesBuildPhase;
			buildActionMask = 2147483647;
			files = (
				C646DE28201F3A56001F2E01 /* SGLoginViewController.xib in Resources */,
				C69512A52012052A00D1DAB9 /* LaunchScreen.storyboard in Resources */,
				C69512A22012052A00D1DAB9 /* Assets.xcassets in Resources */,
				C69512A02012052A00D1DAB9 /* Main.storyboard in Resources */,
			);
			runOnlyForDeploymentPostprocessing = 0;
		};
/* End PBXResourcesBuildPhase section */

/* Begin PBXShellScriptBuildPhase section */
		089F5431B0EF2EDB111BF045 /* [CP] Check Pods Manifest.lock */ = {
			isa = PBXShellScriptBuildPhase;
			buildActionMask = 2147483647;
			files = (
			);
			inputPaths = (
				"${PODS_PODFILE_DIR_PATH}/Podfile.lock",
				"${PODS_ROOT}/Manifest.lock",
			);
			name = "[CP] Check Pods Manifest.lock";
			outputPaths = (
				"$(DERIVED_FILE_DIR)/Pods-GitBucket-checkManifestLockResult.txt",
			);
			runOnlyForDeploymentPostprocessing = 0;
			shellPath = /bin/sh;
			shellScript = "diff \"${PODS_PODFILE_DIR_PATH}/Podfile.lock\" \"${PODS_ROOT}/Manifest.lock\" > /dev/null\nif [ $? != 0 ] ; then\n    # print error to STDERR\n    echo \"error: The sandbox is not in sync with the Podfile.lock. Run 'pod install' or update your CocoaPods installation.\" >&2\n    exit 1\nfi\n# This output is used by Xcode 'outputs' to avoid re-running this script phase.\necho \"SUCCESS\" > \"${SCRIPT_OUTPUT_FILE_0}\"\n";
			showEnvVarsInLog = 0;
		};
		8F1BE701E410BA1C4EA4FA99 /* [CP] Embed Pods Frameworks */ = {
			isa = PBXShellScriptBuildPhase;
			buildActionMask = 2147483647;
			files = (
			);
			inputPaths = (
				"${SRCROOT}/Pods/Target Support Files/Pods-GitBucket/Pods-GitBucket-frameworks.sh",
				"${BUILT_PRODUCTS_DIR}/Alamofire/Alamofire.framework",
				"${BUILT_PRODUCTS_DIR}/AlamofireImage/AlamofireImage.framework",
				"${BUILT_PRODUCTS_DIR}/AlamofireNetworkActivityIndicator/AlamofireNetworkActivityIndicator.framework",
				"${BUILT_PRODUCTS_DIR}/AlamofireObjectMapper/AlamofireObjectMapper.framework",
				"${BUILT_PRODUCTS_DIR}/Kingfisher/Kingfisher.framework",
				"${BUILT_PRODUCTS_DIR}/ObjectMapper/ObjectMapper.framework",
				"${BUILT_PRODUCTS_DIR}/OcticonsKit/OcticonsKit.framework",
				"${BUILT_PRODUCTS_DIR}/Toast-Swift/Toast_Swift.framework",
			);
			name = "[CP] Embed Pods Frameworks";
			outputPaths = (
				"${TARGET_BUILD_DIR}/${FRAMEWORKS_FOLDER_PATH}/Alamofire.framework",
				"${TARGET_BUILD_DIR}/${FRAMEWORKS_FOLDER_PATH}/AlamofireImage.framework",
				"${TARGET_BUILD_DIR}/${FRAMEWORKS_FOLDER_PATH}/AlamofireNetworkActivityIndicator.framework",
				"${TARGET_BUILD_DIR}/${FRAMEWORKS_FOLDER_PATH}/AlamofireObjectMapper.framework",
				"${TARGET_BUILD_DIR}/${FRAMEWORKS_FOLDER_PATH}/Kingfisher.framework",
				"${TARGET_BUILD_DIR}/${FRAMEWORKS_FOLDER_PATH}/ObjectMapper.framework",
				"${TARGET_BUILD_DIR}/${FRAMEWORKS_FOLDER_PATH}/OcticonsKit.framework",
				"${TARGET_BUILD_DIR}/${FRAMEWORKS_FOLDER_PATH}/Toast_Swift.framework",
			);
			runOnlyForDeploymentPostprocessing = 0;
			shellPath = /bin/sh;
			shellScript = "\"${SRCROOT}/Pods/Target Support Files/Pods-GitBucket/Pods-GitBucket-frameworks.sh\"\n";
			showEnvVarsInLog = 0;
		};
		F3A476E2137C5AA13EAFD7D3 /* [CP] Copy Pods Resources */ = {
			isa = PBXShellScriptBuildPhase;
			buildActionMask = 2147483647;
			files = (
			);
			inputPaths = (
			);
			name = "[CP] Copy Pods Resources";
			outputPaths = (
			);
			runOnlyForDeploymentPostprocessing = 0;
			shellPath = /bin/sh;
			shellScript = "\"${SRCROOT}/Pods/Target Support Files/Pods-GitBucket/Pods-GitBucket-resources.sh\"\n";
			showEnvVarsInLog = 0;
		};
/* End PBXShellScriptBuildPhase section */

/* Begin PBXSourcesBuildPhase section */
		C69512932012052A00D1DAB9 /* Sources */ = {
			isa = PBXSourcesBuildPhase;
			buildActionMask = 2147483647;
			files = (
				C646DEB82021D602001F2E01 /* SGGithubOAuth.swift in Sources */,
				C646DE4E20202294001F2E01 /* SGButton.swift in Sources */,
				B26E84412025938E00B73B66 /* NSURL+Extensions.swift in Sources */,
				C6B9A15720174AB700AD009D /* AppDelegate.swift in Sources */,
				C6B9A15B201752BF00AD009D /* WXMiddleButtonTabBarController.swift in Sources */,
				B21ADB4E201C355D006F3334 /* UIColor+Extension.swift in Sources */,
				C6B9A15D2017530C00AD009D /* WXNavigationController.swift in Sources */,
				C646DED82023085F001F2E01 /* OAuthRouter.swift in Sources */,
				C646DE1F201F26DE001F2E01 /* UIView+WXAutoResizingMaskLayout.swift in Sources */,
				C646DE3A201F3BE2001F2E01 /* SGOAuthViewController.swift in Sources */,
				C6455A4E201B5AA4005110C3 /* SGRootTabBarViewController.swift in Sources */,
				C646DE4220200AA0001F2E01 /* SGBaseViewController.swift in Sources */,
				C646DE37201F3B98001F2E01 /* SGWebViewController.swift in Sources */,
				C646DE27201F3A56001F2E01 /* SGLoginViewController.swift in Sources */,
				C646DE1D201F1694001F2E01 /* UIView+WXHelper.swift in Sources */,
				C646DE19201F13FB001F2E01 /* CALayer+WXBorderUIColor.swift in Sources */,
				C6B9A1592017528000AD009D /* WXMiddleButtonTabBar.swift in Sources */,
				C646DE502020253E001F2E01 /* UIImage+Extensions.swift in Sources */,
				C646DE3D201F3D6C001F2E01 /* AppData.swift in Sources */,
				C646DE4720201353001F2E01 /* SGAppColors.swift in Sources */,
				C646DED42022DFA4001F2E01 /* SGGithubClient.swift in Sources */,
				B26E84432025DCA200B73B66 /* SGToast.swift in Sources */,
			);
			runOnlyForDeploymentPostprocessing = 0;
		};
/* End PBXSourcesBuildPhase section */

/* Begin PBXVariantGroup section */
		C695129E2012052A00D1DAB9 /* Main.storyboard */ = {
			isa = PBXVariantGroup;
			children = (
				C695129F2012052A00D1DAB9 /* Base */,
			);
			name = Main.storyboard;
			sourceTree = "<group>";
		};
		C69512A32012052A00D1DAB9 /* LaunchScreen.storyboard */ = {
			isa = PBXVariantGroup;
			children = (
				C69512A42012052A00D1DAB9 /* Base */,
			);
			name = LaunchScreen.storyboard;
			sourceTree = "<group>";
		};
/* End PBXVariantGroup section */

/* Begin XCBuildConfiguration section */
		C69512A72012052A00D1DAB9 /* Debug */ = {
			isa = XCBuildConfiguration;
			buildSettings = {
				ALWAYS_SEARCH_USER_PATHS = NO;
				CLANG_ANALYZER_NONNULL = YES;
				CLANG_ANALYZER_NUMBER_OBJECT_CONVERSION = YES_AGGRESSIVE;
				CLANG_CXX_LANGUAGE_STANDARD = "gnu++14";
				CLANG_CXX_LIBRARY = "libc++";
				CLANG_ENABLE_MODULES = YES;
				CLANG_ENABLE_OBJC_ARC = YES;
				CLANG_WARN_BLOCK_CAPTURE_AUTORELEASING = YES;
				CLANG_WARN_BOOL_CONVERSION = YES;
				CLANG_WARN_COMMA = YES;
				CLANG_WARN_CONSTANT_CONVERSION = YES;
				CLANG_WARN_DIRECT_OBJC_ISA_USAGE = YES_ERROR;
				CLANG_WARN_DOCUMENTATION_COMMENTS = YES;
				CLANG_WARN_EMPTY_BODY = YES;
				CLANG_WARN_ENUM_CONVERSION = YES;
				CLANG_WARN_INFINITE_RECURSION = YES;
				CLANG_WARN_INT_CONVERSION = YES;
				CLANG_WARN_NON_LITERAL_NULL_CONVERSION = YES;
				CLANG_WARN_OBJC_LITERAL_CONVERSION = YES;
				CLANG_WARN_OBJC_ROOT_CLASS = YES_ERROR;
				CLANG_WARN_RANGE_LOOP_ANALYSIS = YES;
				CLANG_WARN_STRICT_PROTOTYPES = YES;
				CLANG_WARN_SUSPICIOUS_MOVE = YES;
				CLANG_WARN_UNGUARDED_AVAILABILITY = YES_AGGRESSIVE;
				CLANG_WARN_UNREACHABLE_CODE = YES;
				CLANG_WARN__DUPLICATE_METHOD_MATCH = YES;
				CODE_SIGN_IDENTITY = "iPhone Developer";
				COPY_PHASE_STRIP = NO;
				DEBUG_INFORMATION_FORMAT = dwarf;
				ENABLE_STRICT_OBJC_MSGSEND = YES;
				ENABLE_TESTABILITY = YES;
				GCC_C_LANGUAGE_STANDARD = gnu11;
				GCC_DYNAMIC_NO_PIC = NO;
				GCC_NO_COMMON_BLOCKS = YES;
				GCC_OPTIMIZATION_LEVEL = 0;
				GCC_PREPROCESSOR_DEFINITIONS = (
					"DEBUG=1",
					"$(inherited)",
				);
				GCC_WARN_64_TO_32_BIT_CONVERSION = YES;
				GCC_WARN_ABOUT_RETURN_TYPE = YES_ERROR;
				GCC_WARN_UNDECLARED_SELECTOR = YES;
				GCC_WARN_UNINITIALIZED_AUTOS = YES_AGGRESSIVE;
				GCC_WARN_UNUSED_FUNCTION = YES;
				GCC_WARN_UNUSED_VARIABLE = YES;
				IPHONEOS_DEPLOYMENT_TARGET = 11.1;
				MTL_ENABLE_DEBUG_INFO = YES;
				ONLY_ACTIVE_ARCH = YES;
				SDKROOT = iphoneos;
				SWIFT_ACTIVE_COMPILATION_CONDITIONS = DEBUG;
				SWIFT_OPTIMIZATION_LEVEL = "-Onone";
			};
			name = Debug;
		};
		C69512A82012052A00D1DAB9 /* Release */ = {
			isa = XCBuildConfiguration;
			buildSettings = {
				ALWAYS_SEARCH_USER_PATHS = NO;
				CLANG_ANALYZER_NONNULL = YES;
				CLANG_ANALYZER_NUMBER_OBJECT_CONVERSION = YES_AGGRESSIVE;
				CLANG_CXX_LANGUAGE_STANDARD = "gnu++14";
				CLANG_CXX_LIBRARY = "libc++";
				CLANG_ENABLE_MODULES = YES;
				CLANG_ENABLE_OBJC_ARC = YES;
				CLANG_WARN_BLOCK_CAPTURE_AUTORELEASING = YES;
				CLANG_WARN_BOOL_CONVERSION = YES;
				CLANG_WARN_COMMA = YES;
				CLANG_WARN_CONSTANT_CONVERSION = YES;
				CLANG_WARN_DIRECT_OBJC_ISA_USAGE = YES_ERROR;
				CLANG_WARN_DOCUMENTATION_COMMENTS = YES;
				CLANG_WARN_EMPTY_BODY = YES;
				CLANG_WARN_ENUM_CONVERSION = YES;
				CLANG_WARN_INFINITE_RECURSION = YES;
				CLANG_WARN_INT_CONVERSION = YES;
				CLANG_WARN_NON_LITERAL_NULL_CONVERSION = YES;
				CLANG_WARN_OBJC_LITERAL_CONVERSION = YES;
				CLANG_WARN_OBJC_ROOT_CLASS = YES_ERROR;
				CLANG_WARN_RANGE_LOOP_ANALYSIS = YES;
				CLANG_WARN_STRICT_PROTOTYPES = YES;
				CLANG_WARN_SUSPICIOUS_MOVE = YES;
				CLANG_WARN_UNGUARDED_AVAILABILITY = YES_AGGRESSIVE;
				CLANG_WARN_UNREACHABLE_CODE = YES;
				CLANG_WARN__DUPLICATE_METHOD_MATCH = YES;
				CODE_SIGN_IDENTITY = "iPhone Developer";
				COPY_PHASE_STRIP = NO;
				DEBUG_INFORMATION_FORMAT = "dwarf-with-dsym";
				ENABLE_NS_ASSERTIONS = NO;
				ENABLE_STRICT_OBJC_MSGSEND = YES;
				GCC_C_LANGUAGE_STANDARD = gnu11;
				GCC_NO_COMMON_BLOCKS = YES;
				GCC_WARN_64_TO_32_BIT_CONVERSION = YES;
				GCC_WARN_ABOUT_RETURN_TYPE = YES_ERROR;
				GCC_WARN_UNDECLARED_SELECTOR = YES;
				GCC_WARN_UNINITIALIZED_AUTOS = YES_AGGRESSIVE;
				GCC_WARN_UNUSED_FUNCTION = YES;
				GCC_WARN_UNUSED_VARIABLE = YES;
				IPHONEOS_DEPLOYMENT_TARGET = 11.1;
				MTL_ENABLE_DEBUG_INFO = NO;
				SDKROOT = iphoneos;
				SWIFT_OPTIMIZATION_LEVEL = "-Owholemodule";
				VALIDATE_PRODUCT = YES;
			};
			name = Release;
		};
		C69512AA2012052A00D1DAB9 /* Debug */ = {
			isa = XCBuildConfiguration;
			baseConfigurationReference = E2BA7757F669A751521E7483 /* Pods-GitBucket.debug.xcconfig */;
			buildSettings = {
				ASSETCATALOG_COMPILER_APPICON_NAME = AppIcon;
				ASSETCATALOG_COMPILER_LAUNCHIMAGE_NAME = LaunchImage;
				CODE_SIGN_STYLE = Automatic;
				DEVELOPMENT_TEAM = UX84S3N9CU;
				INFOPLIST_FILE = GitBucket/Info.plist;
				IPHONEOS_DEPLOYMENT_TARGET = 9.0;
				LD_RUNPATH_SEARCH_PATHS = "$(inherited) @executable_path/Frameworks";
				PRODUCT_BUNDLE_IDENTIFIER = com.cleanairgames.GitBucket;
				PRODUCT_NAME = "$(TARGET_NAME)";
				SWIFT_VERSION = 4.0;
				TARGETED_DEVICE_FAMILY = "1,2";
			};
			name = Debug;
		};
		C69512AB2012052A00D1DAB9 /* Release */ = {
			isa = XCBuildConfiguration;
			baseConfigurationReference = 7CC118CFC5690ABC5F31A33D /* Pods-GitBucket.release.xcconfig */;
			buildSettings = {
				ASSETCATALOG_COMPILER_APPICON_NAME = AppIcon;
				ASSETCATALOG_COMPILER_LAUNCHIMAGE_NAME = LaunchImage;
				CODE_SIGN_STYLE = Automatic;
				DEVELOPMENT_TEAM = UX84S3N9CU;
				INFOPLIST_FILE = GitBucket/Info.plist;
				IPHONEOS_DEPLOYMENT_TARGET = 9.0;
				LD_RUNPATH_SEARCH_PATHS = "$(inherited) @executable_path/Frameworks";
				PRODUCT_BUNDLE_IDENTIFIER = com.cleanairgames.GitBucket;
				PRODUCT_NAME = "$(TARGET_NAME)";
				SWIFT_VERSION = 4.0;
				TARGETED_DEVICE_FAMILY = "1,2";
			};
			name = Release;
		};
/* End XCBuildConfiguration section */

/* Begin XCConfigurationList section */
		C69512922012052A00D1DAB9 /* Build configuration list for PBXProject "GitBucket" */ = {
			isa = XCConfigurationList;
			buildConfigurations = (
				C69512A72012052A00D1DAB9 /* Debug */,
				C69512A82012052A00D1DAB9 /* Release */,
			);
			defaultConfigurationIsVisible = 0;
			defaultConfigurationName = Release;
		};
		C69512A92012052A00D1DAB9 /* Build configuration list for PBXNativeTarget "GitBucket" */ = {
			isa = XCConfigurationList;
			buildConfigurations = (
				C69512AA2012052A00D1DAB9 /* Debug */,
				C69512AB2012052A00D1DAB9 /* Release */,
			);
			defaultConfigurationIsVisible = 0;
			defaultConfigurationName = Release;
		};
/* End XCConfigurationList section */
	};
	rootObject = C695128F2012052A00D1DAB9 /* Project object */;
}
